
Microsoft Visual Studio Solution File, Format Version 12.00
# Visual Studio Version 16
VisualStudioVersion = 16.0.32106.194
MinimumVisualStudioVersion = 10.0.40219.1
Project("{8BC9CEB8-8B4A-11D0-8D11-00A0C91BC942}") = "SmartPointer", "SmartPointer.vcxproj", "{4CD46C95-61C2-4252-A8F1-E3746BA85A24}"
EndProject
Global
	GlobalSection(SolutionConfigurationPlatforms) = preSolution
		Debug|x64 = Debug|x64
		Debug|x86 = Debug|x86
		Release|x64 = Release|x64
		Release|x86 = Release|x86
	EndGlobalSection
	GlobalSection(ProjectConfigurationPlatforms) = postSolution
		{4CD46C95-61C2-4252-A8F1-E3746BA85A24}.Debug|x64.ActiveCfg = Debug|x64
		{4CD46C95-61C2-4252-A8F1-E3746BA85A24}.Debug|x64.Build.0 = Debug|x64
		{4CD46C95-61C2-4252-A8F1-E3746BA85A24}.Debug|x86.ActiveCfg = Debug|Win32
		{4CD46C95-61C2-4252-A8F1-E3746BA85A24}.Debug|x86.Build.0 = Debug|Win32
		{4CD46C95-61C2-4252-A8F1-E3746BA85A24}.Release|x64.ActiveCfg = Release|x64
		{4CD46C95-61C2-4252-A8F1-E3746BA85A24}.Release|x64.Build.0 = Release|x64
		{4CD46C95-61C2-4252-A8F1-E3746BA85A24}.Release|x86.ActiveCfg = Release|Win32
		{4CD46C95-61C2-4252-A8F1-E3746BA85A24}.Release|x86.Build.0 = Release|Win32
	EndGlobalSection
	GlobalSection(SolutionProperties) = preSolution
		HideSolutionNode = FALSE
	EndGlobalSection
	GlobalSection(ExtensibilityGlobals) = postSolution
		SolutionGuid = {C7E13476-7603-47DA-B637-05C69E92FF94}
	EndGlobalSection
EndGlobal
